
Microsoft Visual Studio Solution File, Format Version 12.00
# Visual Studio 14
VisualStudioVersion = 14.0.24720.0
MinimumVisualStudioVersion = 10.0.40219.1
Project("{FAE04EC0-301F-11D3-BF4B-00C04F79EFBC}") = "VSConstructorField", "VSConstructorField\VSConstructorField\VSConstructorField.csproj", "{65E1940F-CC4E-48BA-BD23-BC71D677279B}"
EndProject
Project("{FAE04EC0-301F-11D3-BF4B-00C04F79EFBC}") = "VSConstructorField.Vsix", "VSConstructorField\VSConstructorField.Vsix\VSConstructorField.Vsix.csproj", "{0B88C2EF-57F0-445B-9C27-0CF54136A49A}"
EndProject
Global
	GlobalSection(SolutionConfigurationPlatforms) = preSolution
		Debug|Any CPU = Debug|Any CPU
		Release|Any CPU = Release|Any CPU
	EndGlobalSection
	GlobalSection(ProjectConfigurationPlatforms) = postSolution
		{65E1940F-CC4E-48BA-BD23-BC71D677279B}.Debug|Any CPU.ActiveCfg = Debug|Any CPU
		{65E1940F-CC4E-48BA-BD23-BC71D677279B}.Debug|Any CPU.Build.0 = Debug|Any CPU
		{65E1940F-CC4E-48BA-BD23-BC71D677279B}.Release|Any CPU.ActiveCfg = Release|Any CPU
		{65E1940F-CC4E-48BA-BD23-BC71D677279B}.Release|Any CPU.Build.0 = Release|Any CPU
		{0B88C2EF-57F0-445B-9C27-0CF54136A49A}.Debug|Any CPU.ActiveCfg = Debug|Any CPU
		{0B88C2EF-57F0-445B-9C27-0CF54136A49A}.Debug|Any CPU.Build.0 = Debug|Any CPU
		{0B88C2EF-57F0-445B-9C27-0CF54136A49A}.Release|Any CPU.ActiveCfg = Release|Any CPU
		{0B88C2EF-57F0-445B-9C27-0CF54136A49A}.Release|Any CPU.Build.0 = Release|Any CPU
	EndGlobalSection
	GlobalSection(SolutionProperties) = preSolution
		HideSolutionNode = FALSE
	EndGlobalSection
EndGlobal
